
Microsoft Visual Studio Solution File, Format Version 12.00
# Visual Studio Version 16
VisualStudioVersion = 16.0.31025.194
MinimumVisualStudioVersion = 10.0.40219.1
Project("{FAE04EC0-301F-11D3-BF4B-00C04F79EFBC}") = "InteractiveBrokers.Utilities", "InteractiveBrokers.Utilities\InteractiveBrokers.Utilities.csproj", "{8DAF1011-ECDD-416D-9420-BEF6E060DFFF}"
EndProject
Project("{FAE04EC0-301F-11D3-BF4B-00C04F79EFBC}") = "InteractiveBrokers.Console", "InteractiveBrokers.Console\InteractiveBrokers.Console.csproj", "{9B2C9716-2BB2-402D-8344-339AE4E0C01D}"
EndProject
Global
	GlobalSection(SolutionConfigurationPlatforms) = preSolution
		Debug|Any CPU = Debug|Any CPU
		Release|Any CPU = Release|Any CPU
	EndGlobalSection
	GlobalSection(ProjectConfigurationPlatforms) = postSolution
		{8DAF1011-ECDD-416D-9420-BEF6E060DFFF}.Debug|Any CPU.ActiveCfg = Debug|Any CPU
		{8DAF1011-ECDD-416D-9420-BEF6E060DFFF}.Debug|Any CPU.Build.0 = Debug|Any CPU
		{8DAF1011-ECDD-416D-9420-BEF6E060DFFF}.Release|Any CPU.ActiveCfg = Release|Any CPU
		{8DAF1011-ECDD-416D-9420-BEF6E060DFFF}.Release|Any CPU.Build.0 = Release|Any CPU
		{9B2C9716-2BB2-402D-8344-339AE4E0C01D}.Debug|Any CPU.ActiveCfg = Debug|Any CPU
		{9B2C9716-2BB2-402D-8344-339AE4E0C01D}.Debug|Any CPU.Build.0 = Debug|Any CPU
		{9B2C9716-2BB2-402D-8344-339AE4E0C01D}.Release|Any CPU.ActiveCfg = Release|Any CPU
		{9B2C9716-2BB2-402D-8344-339AE4E0C01D}.Release|Any CPU.Build.0 = Release|Any CPU
	EndGlobalSection
	GlobalSection(SolutionProperties) = preSolution
		HideSolutionNode = FALSE
	EndGlobalSection
	GlobalSection(ExtensibilityGlobals) = postSolution
		SolutionGuid = {387C37B7-15D3-4863-B3A5-CF8456CD2C96}
	EndGlobalSection
EndGlobal
